
Microsoft Visual Studio Solution File, Format Version 12.00
# Visual Studio 15
VisualStudioVersion = 15.0.28010.2026
MinimumVisualStudioVersion = 10.0.40219.1
Project("{9A19103F-16F7-4668-BE54-9A1E7A4F7556}") = "DotEasy.Rpc.Core", "doteasy.rpc.core\DotEasy.Rpc.Core.csproj", "{D0E2BD05-69A1-4F0A-A769-8700522EDF76}"
EndProject
Project("{9A19103F-16F7-4668-BE54-9A1E7A4F7556}") = "DotEasy.Rpc.Consul", "doteasy.rpc.consul\DotEasy.Rpc.Consul.csproj", "{C64C9736-0B5A-4BED-8230-7861BBAB12EE}"
EndProject
Project("{2150E333-8FDC-42A3-9474-1A3956D46DE8}") = "Demo", "Demo", "{241AD446-B9FB-4DDD-96A9-F12F5D7D87F0}"
EndProject
Project("{9A19103F-16F7-4668-BE54-9A1E7A4F7556}") = "doteasy.client", "doteasy.rpc.demo\doteasy.rpc.client\doteasy.client.csproj", "{8DBEF1C6-1750-44B8-B12F-B17AEB6FC9B1}"
EndProject
Project("{9A19103F-16F7-4668-BE54-9A1E7A4F7556}") = "doteasy.rpc.implement", "doteasy.rpc.demo\doteasy.rpc.implement\doteasy.rpc.implement.csproj", "{A2C2C549-CBFA-46B4-88A2-726A6BFCEE1E}"
EndProject
Project("{9A19103F-16F7-4668-BE54-9A1E7A4F7556}") = "doteasy.rpc.interface", "doteasy.rpc.demo\doteasy.rpc.interface\doteasy.rpc.interface.csproj", "{8FCA39C6-BE86-4CC8-82A5-0C547DCEB301}"
EndProject
Project("{9A19103F-16F7-4668-BE54-9A1E7A4F7556}") = "doteasy.rpc.webserver", "doteasy.rpc.demo\doteasy.rpc.webserver\doteasy.rpc.webserver.csproj", "{5CE34A40-59A5-46F1-959C-A2CBD2B9AB38}"
EndProject
Project("{2150E333-8FDC-42A3-9474-1A3956D46DE8}") = "Docs", "Docs", "{A069D630-E5D1-4498-958F-44922A47B492}"
	ProjectSection(SolutionItems) = preProject
		..\.gitignore = ..\.gitignore
		..\LICENSE = ..\LICENSE
		..\README.cn.md = ..\README.cn.md
		..\README.md = ..\README.md
		..\微服务框架.png = ..\微服务框架.png
	EndProjectSection
EndProject
Project("{9A19103F-16F7-4668-BE54-9A1E7A4F7556}") = "DotEasy.Rpc.ApiGateway", "DotEasy.Rpc.ApiGateway\DotEasy.Rpc.ApiGateway.csproj", "{38A457EF-99B5-4317-AC62-E7D458A402D8}"
EndProject
Project("{2150E333-8FDC-42A3-9474-1A3956D46DE8}") = "Common", "Common", "{9F6D55F3-5AFF-4D4C-8CED-C8DC319BC718}"
EndProject
Project("{2150E333-8FDC-42A3-9474-1A3956D46DE8}") = "Server", "Server", "{C3006429-84A4-4081-99B7-8A17C344786E}"
EndProject
Project("{2150E333-8FDC-42A3-9474-1A3956D46DE8}") = "Client", "Client", "{980AB972-40E2-4F27-9E3D-34B04AFB1632}"
EndProject
Project("{2150E333-8FDC-42A3-9474-1A3956D46DE8}") = "Core", "Core", "{E5B6DFD8-5C63-4811-AA8A-C986BF22ACD0}"
EndProject
Project("{2150E333-8FDC-42A3-9474-1A3956D46DE8}") = "Test", "Test", "{1E46E1E5-0EC3-4EF4-B51B-BBE8639BD3F9}"
EndProject
Project("{9A19103F-16F7-4668-BE54-9A1E7A4F7556}") = "DotEasy.Rpc.Test", "DotEasy.Rpc.Test\DotEasy.Rpc.Test\DotEasy.Rpc.Test.csproj", "{8E33970E-3412-4D5C-83A3-872354658FE8}"
EndProject
Project("{FAE04EC0-301F-11D3-BF4B-00C04F79EFBC}") = "doteasy.rpc.SkyAPM", "DotEasy.Rpc.Demo\doteasy.rpc.SkyAPM\doteasy.rpc.SkyAPM.csproj", "{C3923F86-0DC5-4E67-B806-15714F124203}"
EndProject
Global
	GlobalSection(SolutionConfigurationPlatforms) = preSolution
		Debug|Any CPU = Debug|Any CPU
		Release|Any CPU = Release|Any CPU
	EndGlobalSection
	GlobalSection(ProjectConfigurationPlatforms) = postSolution
		{D0E2BD05-69A1-4F0A-A769-8700522EDF76}.Debug|Any CPU.ActiveCfg = Debug|Any CPU
		{D0E2BD05-69A1-4F0A-A769-8700522EDF76}.Debug|Any CPU.Build.0 = Debug|Any CPU
		{D0E2BD05-69A1-4F0A-A769-8700522EDF76}.Release|Any CPU.ActiveCfg = Release|Any CPU
		{D0E2BD05-69A1-4F0A-A769-8700522EDF76}.Release|Any CPU.Build.0 = Release|Any CPU
		{C64C9736-0B5A-4BED-8230-7861BBAB12EE}.Debug|Any CPU.ActiveCfg = Debug|Any CPU
		{C64C9736-0B5A-4BED-8230-7861BBAB12EE}.Debug|Any CPU.Build.0 = Debug|Any CPU
		{C64C9736-0B5A-4BED-8230-7861BBAB12EE}.Release|Any CPU.ActiveCfg = Release|Any CPU
		{C64C9736-0B5A-4BED-8230-7861BBAB12EE}.Release|Any CPU.Build.0 = Release|Any CPU
		{8DBEF1C6-1750-44B8-B12F-B17AEB6FC9B1}.Debug|Any CPU.ActiveCfg = Debug|Any CPU
		{8DBEF1C6-1750-44B8-B12F-B17AEB6FC9B1}.Debug|Any CPU.Build.0 = Debug|Any CPU
		{8DBEF1C6-1750-44B8-B12F-B17AEB6FC9B1}.Release|Any CPU.ActiveCfg = Release|Any CPU
		{8DBEF1C6-1750-44B8-B12F-B17AEB6FC9B1}.Release|Any CPU.Build.0 = Release|Any CPU
		{A2C2C549-CBFA-46B4-88A2-726A6BFCEE1E}.Debug|Any CPU.ActiveCfg = Debug|Any CPU
		{A2C2C549-CBFA-46B4-88A2-726A6BFCEE1E}.Debug|Any CPU.Build.0 = Debug|Any CPU
		{A2C2C549-CBFA-46B4-88A2-726A6BFCEE1E}.Release|Any CPU.ActiveCfg = Release|Any CPU
		{A2C2C549-CBFA-46B4-88A2-726A6BFCEE1E}.Release|Any CPU.Build.0 = Release|Any CPU
		{8FCA39C6-BE86-4CC8-82A5-0C547DCEB301}.Debug|Any CPU.ActiveCfg = Debug|Any CPU
		{8FCA39C6-BE86-4CC8-82A5-0C547DCEB301}.Debug|Any CPU.Build.0 = Debug|Any CPU
		{8FCA39C6-BE86-4CC8-82A5-0C547DCEB301}.Release|Any CPU.ActiveCfg = Release|Any CPU
		{8FCA39C6-BE86-4CC8-82A5-0C547DCEB301}.Release|Any CPU.Build.0 = Release|Any CPU
		{5CE34A40-59A5-46F1-959C-A2CBD2B9AB38}.Debug|Any CPU.ActiveCfg = Debug|Any CPU
		{5CE34A40-59A5-46F1-959C-A2CBD2B9AB38}.Debug|Any CPU.Build.0 = Debug|Any CPU
		{5CE34A40-59A5-46F1-959C-A2CBD2B9AB38}.Release|Any CPU.ActiveCfg = Release|Any CPU
		{5CE34A40-59A5-46F1-959C-A2CBD2B9AB38}.Release|Any CPU.Build.0 = Release|Any CPU
		{38A457EF-99B5-4317-AC62-E7D458A402D8}.Debug|Any CPU.ActiveCfg = Debug|Any CPU
		{38A457EF-99B5-4317-AC62-E7D458A402D8}.Debug|Any CPU.Build.0 = Debug|Any CPU
		{38A457EF-99B5-4317-AC62-E7D458A402D8}.Release|Any CPU.ActiveCfg = Release|Any CPU
		{38A457EF-99B5-4317-AC62-E7D458A402D8}.Release|Any CPU.Build.0 = Release|Any CPU
		{8E33970E-3412-4D5C-83A3-872354658FE8}.Debug|Any CPU.ActiveCfg = Debug|Any CPU
		{8E33970E-3412-4D5C-83A3-872354658FE8}.Debug|Any CPU.Build.0 = Debug|Any CPU
		{8E33970E-3412-4D5C-83A3-872354658FE8}.Release|Any CPU.ActiveCfg = Release|Any CPU
		{8E33970E-3412-4D5C-83A3-872354658FE8}.Release|Any CPU.Build.0 = Release|Any CPU
		{C3923F86-0DC5-4E67-B806-15714F124203}.Debug|Any CPU.ActiveCfg = Debug|Any CPU
		{C3923F86-0DC5-4E67-B806-15714F124203}.Debug|Any CPU.Build.0 = Debug|Any CPU
		{C3923F86-0DC5-4E67-B806-15714F124203}.Release|Any CPU.ActiveCfg = Release|Any CPU
		{C3923F86-0DC5-4E67-B806-15714F124203}.Release|Any CPU.Build.0 = Release|Any CPU
	EndGlobalSection
	GlobalSection(SolutionProperties) = preSolution
		HideSolutionNode = FALSE
	EndGlobalSection
	GlobalSection(NestedProjects) = preSolution
		{D0E2BD05-69A1-4F0A-A769-8700522EDF76} = {E5B6DFD8-5C63-4811-AA8A-C986BF22ACD0}
		{C64C9736-0B5A-4BED-8230-7861BBAB12EE} = {E5B6DFD8-5C63-4811-AA8A-C986BF22ACD0}
		{8DBEF1C6-1750-44B8-B12F-B17AEB6FC9B1} = {980AB972-40E2-4F27-9E3D-34B04AFB1632}
		{A2C2C549-CBFA-46B4-88A2-726A6BFCEE1E} = {9F6D55F3-5AFF-4D4C-8CED-C8DC319BC718}
		{8FCA39C6-BE86-4CC8-82A5-0C547DCEB301} = {9F6D55F3-5AFF-4D4C-8CED-C8DC319BC718}
		{5CE34A40-59A5-46F1-959C-A2CBD2B9AB38} = {C3006429-84A4-4081-99B7-8A17C344786E}
		{38A457EF-99B5-4317-AC62-E7D458A402D8} = {E5B6DFD8-5C63-4811-AA8A-C986BF22ACD0}
		{9F6D55F3-5AFF-4D4C-8CED-C8DC319BC718} = {241AD446-B9FB-4DDD-96A9-F12F5D7D87F0}
		{C3006429-84A4-4081-99B7-8A17C344786E} = {241AD446-B9FB-4DDD-96A9-F12F5D7D87F0}
		{980AB972-40E2-4F27-9E3D-34B04AFB1632} = {241AD446-B9FB-4DDD-96A9-F12F5D7D87F0}
		{8E33970E-3412-4D5C-83A3-872354658FE8} = {1E46E1E5-0EC3-4EF4-B51B-BBE8639BD3F9}
		{C3923F86-0DC5-4E67-B806-15714F124203} = {C3006429-84A4-4081-99B7-8A17C344786E}
	EndGlobalSection
	GlobalSection(ExtensibilityGlobals) = postSolution
		SolutionGuid = {F3075595-3DEE-4B8B-8508-DB07636B3682}
	EndGlobalSection
EndGlobal
